// !$*UTF8*$!
{
	archiveVersion = 1;
	classes = {
	};
	objectVersion = 56;
	objects = {

/* Begin PBXBuildFile section */
		402F7FB12B18F95E00D9ED51 /* DonaldApp.swift in Sources */ = {isa = PBXBuildFile; fileRef = 402F7FB02B18F95E00D9ED51 /* DonaldApp.swift */; };
		402F7FB32B18F95E00D9ED51 /* ContentView.swift in Sources */ = {isa = PBXBuildFile; fileRef = 402F7FB22B18F95E00D9ED51 /* ContentView.swift */; };
		402F7FB52B18F95E00D9ED51 /* Item.swift in Sources */ = {isa = PBXBuildFile; fileRef = 402F7FB42B18F95E00D9ED51 /* Item.swift */; };
		402F7FB72B18F95F00D9ED51 /* Assets.xcassets in Resources */ = {isa = PBXBuildFile; fileRef = 402F7FB62B18F95F00D9ED51 /* Assets.xcassets */; };
		402F7FBB2B18F95F00D9ED51 /* Preview Assets.xcassets in Resources */ = {isa = PBXBuildFile; fileRef = 402F7FBA2B18F95F00D9ED51 /* Preview Assets.xcassets */; };
		402F7FC62B18F95F00D9ED51 /* DonaldTests.swift in Sources */ = {isa = PBXBuildFile; fileRef = 402F7FC52B18F95F00D9ED51 /* DonaldTests.swift */; };
		402F7FD02B18F95F00D9ED51 /* DonaldUITests.swift in Sources */ = {isa = PBXBuildFile; fileRef = 402F7FCF2B18F95F00D9ED51 /* DonaldUITests.swift */; };
		402F7FD22B18F95F00D9ED51 /* DonaldUITestsLaunchTests.swift in Sources */ = {isa = PBXBuildFile; fileRef = 402F7FD12B18F95F00D9ED51 /* DonaldUITestsLaunchTests.swift */; };
/* End PBXBuildFile section */

/* Begin PBXContainerItemProxy section */
		402F7FC22B18F95F00D9ED51 /* PBXContainerItemProxy */ = {
			isa = PBXContainerItemProxy;
			containerPortal = 402F7FA52B18F95E00D9ED51 /* Project object */;
			proxyType = 1;
			remoteGlobalIDString = 402F7FAC2B18F95E00D9ED51;
			remoteInfo = Donald;
		};
		402F7FCC2B18F95F00D9ED51 /* PBXContainerItemProxy */ = {
			isa = PBXContainerItemProxy;
			containerPortal = 402F7FA52B18F95E00D9ED51 /* Project object */;
			proxyType = 1;
			remoteGlobalIDString = 402F7FAC2B18F95E00D9ED51;
			remoteInfo = Donald;
		};
/* End PBXContainerItemProxy section */

/* Begin PBXFileReference section */
		402F7FAD2B18F95E00D9ED51 /* Donald.app */ = {isa = PBXFileReference; explicitFileType = wrapper.application; includeInIndex = 0; path = Donald.app; sourceTree = BUILT_PRODUCTS_DIR; };
		402F7FB02B18F95E00D9ED51 /* DonaldApp.swift */ = {isa = PBXFileReference; lastKnownFileType = sourcecode.swift; path = DonaldApp.swift; sourceTree = "<group>"; };
		402F7FB22B18F95E00D9ED51 /* ContentView.swift */ = {isa = PBXFileReference; lastKnownFileType = sourcecode.swift; path = ContentView.swift; sourceTree = "<group>"; };
		402F7FB42B18F95E00D9ED51 /* Item.swift */ = {isa = PBXFileReference; lastKnownFileType = sourcecode.swift; path = Item.swift; sourceTree = "<group>"; };
		402F7FB62B18F95F00D9ED51 /* Assets.xcassets */ = {isa = PBXFileReference; lastKnownFileType = folder.assetcatalog; path = Assets.xcassets; sourceTree = "<group>"; };
		402F7FB82B18F95F00D9ED51 /* Donald.entitlements */ = {isa = PBXFileReference; lastKnownFileType = text.plist.entitlements; path = Donald.entitlements; sourceTree = "<group>"; };
		402F7FBA2B18F95F00D9ED51 /* Preview Assets.xcassets */ = {isa = PBXFileReference; lastKnownFileType = folder.assetcatalog; path = "Preview Assets.xcassets"; sourceTree = "<group>"; };
		402F7FBC2B18F95F00D9ED51 /* Info.plist */ = {isa = PBXFileReference; lastKnownFileType = text.plist.xml; path = Info.plist; sourceTree = "<group>"; };
		402F7FC12B18F95F00D9ED51 /* DonaldTests.xctest */ = {isa = PBXFileReference; explicitFileType = wrapper.cfbundle; includeInIndex = 0; path = DonaldTests.xctest; sourceTree = BUILT_PRODUCTS_DIR; };
		402F7FC52B18F95F00D9ED51 /* DonaldTests.swift */ = {isa = PBXFileReference; lastKnownFileType = sourcecode.swift; path = DonaldTests.swift; sourceTree = "<group>"; };
		402F7FCB2B18F95F00D9ED51 /* DonaldUITests.xctest */ = {isa = PBXFileReference; explicitFileType = wrapper.cfbundle; includeInIndex = 0; path = DonaldUITests.xctest; sourceTree = BUILT_PRODUCTS_DIR; };
		402F7FCF2B18F95F00D9ED51 /* DonaldUITests.swift */ = {isa = PBXFileReference; lastKnownFileType = sourcecode.swift; path = DonaldUITests.swift; sourceTree = "<group>"; };
		402F7FD12B18F95F00D9ED51 /* DonaldUITestsLaunchTests.swift */ = {isa = PBXFileReference; lastKnownFileType = sourcecode.swift; path = DonaldUITestsLaunchTests.swift; sourceTree = "<group>"; };
/* End PBXFileReference section */

/* Begin PBXFrameworksBuildPhase section */
		402F7FAA2B18F95E00D9ED51 /* Frameworks */ = {
			isa = PBXFrameworksBuildPhase;
			buildActionMask = 2147483647;
			files = (
			);
			runOnlyForDeploymentPostprocessing = 0;
		};
		402F7FBE2B18F95F00D9ED51 /* Frameworks */ = {
			isa = PBXFrameworksBuildPhase;
			buildActionMask = 2147483647;
			files = (
			);
			runOnlyForDeploymentPostprocessing = 0;
		};
		402F7FC82B18F95F00D9ED51 /* Frameworks */ = {
			isa = PBXFrameworksBuildPhase;
			buildActionMask = 2147483647;
			files = (
			);
			runOnlyForDeploymentPostprocessing = 0;
		};
/* End PBXFrameworksBuildPhase section */

/* Begin PBXGroup section */
		402F7FA42B18F95E00D9ED51 = {
			isa = PBXGroup;
			children = (
				402F7FAF2B18F95E00D9ED51 /* Donald */,
				402F7FC42B18F95F00D9ED51 /* DonaldTests */,
				402F7FCE2B18F95F00D9ED51 /* DonaldUITests */,
				402F7FAE2B18F95E00D9ED51 /* Products */,
			);
			sourceTree = "<group>";
		};
		402F7FAE2B18F95E00D9ED51 /* Products */ = {
			isa = PBXGroup;
			children = (
				402F7FAD2B18F95E00D9ED51 /* Donald.app */,
				402F7FC12B18F95F00D9ED51 /* DonaldTests.xctest */,
				402F7FCB2B18F95F00D9ED51 /* DonaldUITests.xctest */,
			);
			name = Products;
			sourceTree = "<group>";
		};
		402F7FAF2B18F95E00D9ED51 /* Donald */ = {
			isa = PBXGroup;
			children = (
				402F7FB02B18F95E00D9ED51 /* DonaldApp.swift */,
				402F7FB22B18F95E00D9ED51 /* ContentView.swift */,
				402F7FB42B18F95E00D9ED51 /* Item.swift */,
				402F7FB62B18F95F00D9ED51 /* Assets.xcassets */,
				402F7FB82B18F95F00D9ED51 /* Donald.entitlements */,
				402F7FBC2B18F95F00D9ED51 /* Info.plist */,
				402F7FB92B18F95F00D9ED51 /* Preview Content */,
			);
			path = Donald;
			sourceTree = "<group>";
		};
		402F7FB92B18F95F00D9ED51 /* Preview Content */ = {
			isa = PBXGroup;
			children = (
				402F7FBA2B18F95F00D9ED51 /* Preview Assets.xcassets */,
			);
			path = "Preview Content";
			sourceTree = "<group>";
		};
		402F7FC42B18F95F00D9ED51 /* DonaldTests */ = {
			isa = PBXGroup;
			children = (
				402F7FC52B18F95F00D9ED51 /* DonaldTests.swift */,
			);
			path = DonaldTests;
			sourceTree = "<group>";
		};
		402F7FCE2B18F95F00D9ED51 /* DonaldUITests */ = {
			isa = PBXGroup;
			children = (
				402F7FCF2B18F95F00D9ED51 /* DonaldUITests.swift */,
				402F7FD12B18F95F00D9ED51 /* DonaldUITestsLaunchTests.swift */,
			);
			path = DonaldUITests;
			sourceTree = "<group>";
		};
/* End PBXGroup section */

/* Begin PBXNativeTarget section */
		402F7FAC2B18F95E00D9ED51 /* Donald */ = {
			isa = PBXNativeTarget;
			buildConfigurationList = 402F7FD52B18F95F00D9ED51 /* Build configuration list for PBXNativeTarget "Donald" */;
			buildPhases = (
				402F7FA92B18F95E00D9ED51 /* Sources */,
				402F7FAA2B18F95E00D9ED51 /* Frameworks */,
				402F7FAB2B18F95E00D9ED51 /* Resources */,
			);
			buildRules = (
			);
			dependencies = (
			);
			name = Donald;
			productName = Donald;
			productReference = 402F7FAD2B18F95E00D9ED51 /* Donald.app */;
			productType = "com.apple.product-type.application";
		};
		402F7FC02B18F95F00D9ED51 /* DonaldTests */ = {
			isa = PBXNativeTarget;
			buildConfigurationList = 402F7FD82B18F95F00D9ED51 /* Build configuration list for PBXNativeTarget "DonaldTests" */;
			buildPhases = (
				402F7FBD2B18F95F00D9ED51 /* Sources */,
				402F7FBE2B18F95F00D9ED51 /* Frameworks */,
				402F7FBF2B18F95F00D9ED51 /* Resources */,
			);
			buildRules = (
			);
			dependencies = (
				402F7FC32B18F95F00D9ED51 /* PBXTargetDependency */,
			);
			name = DonaldTests;
			productName = DonaldTests;
			productReference = 402F7FC12B18F95F00D9ED51 /* DonaldTests.xctest */;
			productType = "com.apple.product-type.bundle.unit-test";
		};
		402F7FCA2B18F95F00D9ED51 /* DonaldUITests */ = {
			isa = PBXNativeTarget;
			buildConfigurationList = 402F7FDB2B18F95F00D9ED51 /* Build configuration list for PBXNativeTarget "DonaldUITests" */;
			buildPhases = (
				402F7FC72B18F95F00D9ED51 /* Sources */,
				402F7FC82B18F95F00D9ED51 /* Frameworks */,
				402F7FC92B18F95F00D9ED51 /* Resources */,
			);
			buildRules = (
			);
			dependencies = (
				402F7FCD2B18F95F00D9ED51 /* PBXTargetDependency */,
			);
			name = DonaldUITests;
			productName = DonaldUITests;
			productReference = 402F7FCB2B18F95F00D9ED51 /* DonaldUITests.xctest */;
			productType = "com.apple.product-type.bundle.ui-testing";
		};
/* End PBXNativeTarget section */

/* Begin PBXProject section */
		402F7FA52B18F95E00D9ED51 /* Project object */ = {
			isa = PBXProject;
			attributes = {
				BuildIndependentTargetsInParallel = 1;
				LastSwiftUpdateCheck = 1510;
				LastUpgradeCheck = 1510;
				TargetAttributes = {
					402F7FAC2B18F95E00D9ED51 = {
						CreatedOnToolsVersion = 15.1;
					};
					402F7FC02B18F95F00D9ED51 = {
						CreatedOnToolsVersion = 15.1;
						TestTargetID = 402F7FAC2B18F95E00D9ED51;
					};
					402F7FCA2B18F95F00D9ED51 = {
						CreatedOnToolsVersion = 15.1;
						TestTargetID = 402F7FAC2B18F95E00D9ED51;
					};
				};
			};
			buildConfigurationList = 402F7FA82B18F95E00D9ED51 /* Build configuration list for PBXProject "Donald" */;
			compatibilityVersion = "Xcode 14.0";
			developmentRegion = en;
			hasScannedForEncodings = 0;
			knownRegions = (
				en,
				Base,
			);
			mainGroup = 402F7FA42B18F95E00D9ED51;
			productRefGroup = 402F7FAE2B18F95E00D9ED51 /* Products */;
			projectDirPath = "";
			projectRoot = "";
			targets = (
				402F7FAC2B18F95E00D9ED51 /* Donald */,
				402F7FC02B18F95F00D9ED51 /* DonaldTests */,
				402F7FCA2B18F95F00D9ED51 /* DonaldUITests */,
			);
		};
/* End PBXProject section */

/* Begin PBXResourcesBuildPhase section */
		402F7FAB2B18F95E00D9ED51 /* Resources */ = {
			isa = PBXResourcesBuildPhase;
			buildActionMask = 2147483647;
			files = (
				402F7FBB2B18F95F00D9ED51 /* Preview Assets.xcassets in Resources */,
				402F7FB72B18F95F00D9ED51 /* Assets.xcassets in Resources */,
			);
			runOnlyForDeploymentPostprocessing = 0;
		};
		402F7FBF2B18F95F00D9ED51 /* Resources */ = {
			isa = PBXResourcesBuildPhase;
			buildActionMask = 2147483647;
			files = (
			);
			runOnlyForDeploymentPostprocessing = 0;
		};
		402F7FC92B18F95F00D9ED51 /* Resources */ = {
			isa = PBXResourcesBuildPhase;
			buildActionMask = 2147483647;
			files = (
			);
			runOnlyForDeploymentPostprocessing = 0;
		};
/* End PBXResourcesBuildPhase section */

/* Begin PBXSourcesBuildPhase section */
		402F7FA92B18F95E00D9ED51 /* Sources */ = {
			isa = PBXSourcesBuildPhase;
			buildActionMask = 2147483647;
			files = (
				402F7FB32B18F95E00D9ED51 /* ContentView.swift in Sources */,
				402F7FB52B18F95E00D9ED51 /* Item.swift in Sources */,
				402F7FB12B18F95E00D9ED51 /* DonaldApp.swift in Sources */,
			);
			runOnlyForDeploymentPostprocessing = 0;
		};
		402F7FBD2B18F95F00D9ED51 /* Sources */ = {
			isa = PBXSourcesBuildPhase;
			buildActionMask = 2147483647;
			files = (
				402F7FC62B18F95F00D9ED51 /* DonaldTests.swift in Sources */,
			);
			runOnlyForDeploymentPostprocessing = 0;
		};
		402F7FC72B18F95F00D9ED51 /* Sources */ = {
			isa = PBXSourcesBuildPhase;
			buildActionMask = 2147483647;
			files = (
				402F7FD22B18F95F00D9ED51 /* DonaldUITestsLaunchTests.swift in Sources */,
				402F7FD02B18F95F00D9ED51 /* DonaldUITests.swift in Sources */,
			);
			runOnlyForDeploymentPostprocessing = 0;
		};
/* End PBXSourcesBuildPhase section */

/* Begin PBXTargetDependency section */
		402F7FC32B18F95F00D9ED51 /* PBXTargetDependency */ = {
			isa = PBXTargetDependency;
			target = 402F7FAC2B18F95E00D9ED51 /* Donald */;
			targetProxy = 402F7FC22B18F95F00D9ED51 /* PBXContainerItemProxy */;
		};
		402F7FCD2B18F95F00D9ED51 /* PBXTargetDependency */ = {
			isa = PBXTargetDependency;
			target = 402F7FAC2B18F95E00D9ED51 /* Donald */;
			targetProxy = 402F7FCC2B18F95F00D9ED51 /* PBXContainerItemProxy */;
		};
/* End PBXTargetDependency section */

/* Begin XCBuildConfiguration section */
		402F7FD32B18F95F00D9ED51 /* Debug */ = {
			isa = XCBuildConfiguration;
			buildSettings = {
				ALWAYS_SEARCH_USER_PATHS = NO;
				ASSETCATALOG_COMPILER_GENERATE_SWIFT_ASSET_SYMBOL_EXTENSIONS = YES;
				CLANG_ANALYZER_NONNULL = YES;
				CLANG_ANALYZER_NUMBER_OBJECT_CONVERSION = YES_AGGRESSIVE;
				CLANG_CXX_LANGUAGE_STANDARD = "gnu++20";
				CLANG_ENABLE_MODULES = YES;
				CLANG_ENABLE_OBJC_ARC = YES;
				CLANG_ENABLE_OBJC_WEAK = YES;
				CLANG_WARN_BLOCK_CAPTURE_AUTORELEASING = YES;
				CLANG_WARN_BOOL_CONVERSION = YES;
				CLANG_WARN_COMMA = YES;
				CLANG_WARN_CONSTANT_CONVERSION = YES;
				CLANG_WARN_DEPRECATED_OBJC_IMPLEMENTATIONS = YES;
				CLANG_WARN_DIRECT_OBJC_ISA_USAGE = YES_ERROR;
				CLANG_WARN_DOCUMENTATION_COMMENTS = YES;
				CLANG_WARN_EMPTY_BODY = YES;
				CLANG_WARN_ENUM_CONVERSION = YES;
				CLANG_WARN_INFINITE_RECURSION = YES;
				CLANG_WARN_INT_CONVERSION = YES;
				CLANG_WARN_NON_LITERAL_NULL_CONVERSION = YES;
				CLANG_WARN_OBJC_IMPLICIT_RETAIN_SELF = YES;
				CLANG_WARN_OBJC_LITERAL_CONVERSION = YES;
				CLANG_WARN_OBJC_ROOT_CLASS = YES_ERROR;
				CLANG_WARN_QUOTED_INCLUDE_IN_FRAMEWORK_HEADER = YES;
				CLANG_WARN_RANGE_LOOP_ANALYSIS = YES;
				CLANG_WARN_STRICT_PROTOTYPES = YES;
				CLANG_WARN_SUSPICIOUS_MOVE = YES;
				CLANG_WARN_UNGUARDED_AVAILABILITY = YES_AGGRESSIVE;
				CLANG_WARN_UNREACHABLE_CODE = YES;
				CLANG_WARN__DUPLICATE_METHOD_MATCH = YES;
				COPY_PHASE_STRIP = NO;
				DEBUG_INFORMATION_FORMAT = dwarf;
				ENABLE_STRICT_OBJC_MSGSEND = YES;
				ENABLE_TESTABILITY = YES;
				ENABLE_USER_SCRIPT_SANDBOXING = YES;
				GCC_C_LANGUAGE_STANDARD = gnu17;
				GCC_DYNAMIC_NO_PIC = NO;
				GCC_NO_COMMON_BLOCKS = YES;
				GCC_OPTIMIZATION_LEVEL = 0;
				GCC_PREPROCESSOR_DEFINITIONS = (
					"DEBUG=1",
					"$(inherited)",
				);
				GCC_WARN_64_TO_32_BIT_CONVERSION = YES;
				GCC_WARN_ABOUT_RETURN_TYPE = YES_ERROR;
				GCC_WARN_UNDECLARED_SELECTOR = YES;
				GCC_WARN_UNINITIALIZED_AUTOS = YES_AGGRESSIVE;
				GCC_WARN_UNUSED_FUNCTION = YES;
				GCC_WARN_UNUSED_VARIABLE = YES;
				LOCALIZATION_PREFERS_STRING_CATALOGS = YES;
				MTL_ENABLE_DEBUG_INFO = INCLUDE_SOURCE;
				MTL_FAST_MATH = YES;
				ONLY_ACTIVE_ARCH = YES;
				SWIFT_ACTIVE_COMPILATION_CONDITIONS = "DEBUG $(inherited)";
				SWIFT_OPTIMIZATION_LEVEL = "-Onone";
			};
			name = Debug;
		};
		402F7FD42B18F95F00D9ED51 /* Release */ = {
			isa = XCBuildConfiguration;
			buildSettings = {
				ALWAYS_SEARCH_USER_PATHS = NO;
				ASSETCATALOG_COMPILER_GENERATE_SWIFT_ASSET_SYMBOL_EXTENSIONS = YES;
				CLANG_ANALYZER_NONNULL = YES;
				CLANG_ANALYZER_NUMBER_OBJECT_CONVERSION = YES_AGGRESSIVE;
				CLANG_CXX_LANGUAGE_STANDARD = "gnu++20";
				CLANG_ENABLE_MODULES = YES;
				CLANG_ENABLE_OBJC_ARC = YES;
				CLANG_ENABLE_OBJC_WEAK = YES;
				CLANG_WARN_BLOCK_CAPTURE_AUTORELEASING = YES;
				CLANG_WARN_BOOL_CONVERSION = YES;
				CLANG_WARN_COMMA = YES;
				CLANG_WARN_CONSTANT_CONVERSION = YES;
				CLANG_WARN_DEPRECATED_OBJC_IMPLEMENTATIONS = YES;
				CLANG_WARN_DIRECT_OBJC_ISA_USAGE = YES_ERROR;
				CLANG_WARN_DOCUMENTATION_COMMENTS = YES;
				CLANG_WARN_EMPTY_BODY = YES;
				CLANG_WARN_ENUM_CONVERSION = YES;
				CLANG_WARN_INFINITE_RECURSION = YES;
				CLANG_WARN_INT_CONVERSION = YES;
				CLANG_WARN_NON_LITERAL_NULL_CONVERSION = YES;
				CLANG_WARN_OBJC_IMPLICIT_RETAIN_SELF = YES;
				CLANG_WARN_OBJC_LITERAL_CONVERSION = YES;
				CLANG_WARN_OBJC_ROOT_CLASS = YES_ERROR;
				CLANG_WARN_QUOTED_INCLUDE_IN_FRAMEWORK_HEADER = YES;
				CLANG_WARN_RANGE_LOOP_ANALYSIS = YES;
				CLANG_WARN_STRICT_PROTOTYPES = YES;
				CLANG_WARN_SUSPICIOUS_MOVE = YES;
				CLANG_WARN_UNGUARDED_AVAILABILITY = YES_AGGRESSIVE;
				CLANG_WARN_UNREACHABLE_CODE = YES;
				CLANG_WARN__DUPLICATE_METHOD_MATCH = YES;
				COPY_PHASE_STRIP = NO;
				DEBUG_INFORMATION_FORMAT = "dwarf-with-dsym";
				ENABLE_NS_ASSERTIONS = NO;
				ENABLE_STRICT_OBJC_MSGSEND = YES;
				ENABLE_USER_SCRIPT_SANDBOXING = YES;
				GCC_C_LANGUAGE_STANDARD = gnu17;
				GCC_NO_COMMON_BLOCKS = YES;
				GCC_WARN_64_TO_32_BIT_CONVERSION = YES;
				GCC_WARN_ABOUT_RETURN_TYPE = YES_ERROR;
				GCC_WARN_UNDECLARED_SELECTOR = YES;
				GCC_WARN_UNINITIALIZED_AUTOS = YES_AGGRESSIVE;
				GCC_WARN_UNUSED_FUNCTION = YES;
				GCC_WARN_UNUSED_VARIABLE = YES;
				LOCALIZATION_PREFERS_STRING_CATALOGS = YES;
				MTL_ENABLE_DEBUG_INFO = NO;
				MTL_FAST_MATH = YES;
				SWIFT_COMPILATION_MODE = wholemodule;
			};
			name = Release;
		};
		402F7FD62B18F95F00D9ED51 /* Debug */ = {
			isa = XCBuildConfiguration;
			buildSettings = {
				ASSETCATALOG_COMPILER_APPICON_NAME = AppIcon;
				ASSETCATALOG_COMPILER_GLOBAL_ACCENT_COLOR_NAME = AccentColor;
				CODE_SIGN_ENTITLEMENTS = Donald/Donald.entitlements;
				CODE_SIGN_STYLE = Automatic;
				CURRENT_PROJECT_VERSION = 1;
				DEVELOPMENT_ASSET_PATHS = "\"Donald/Preview Content\"";
				DEVELOPMENT_TEAM = PDG3MKYPMS;
				ENABLE_HARDENED_RUNTIME = YES;
				ENABLE_PREVIEWS = YES;
				GENERATE_INFOPLIST_FILE = YES;
				INFOPLIST_FILE = Donald/Info.plist;
				"INFOPLIST_KEY_UIApplicationSceneManifest_Generation[sdk=iphoneos*]" = YES;
				"INFOPLIST_KEY_UIApplicationSceneManifest_Generation[sdk=iphonesimulator*]" = YES;
				"INFOPLIST_KEY_UIApplicationSupportsIndirectInputEvents[sdk=iphoneos*]" = YES;
				"INFOPLIST_KEY_UIApplicationSupportsIndirectInputEvents[sdk=iphonesimulator*]" = YES;
				"INFOPLIST_KEY_UILaunchScreen_Generation[sdk=iphoneos*]" = YES;
				"INFOPLIST_KEY_UILaunchScreen_Generation[sdk=iphonesimulator*]" = YES;
				"INFOPLIST_KEY_UIStatusBarStyle[sdk=iphoneos*]" = UIStatusBarStyleDefault;
				"INFOPLIST_KEY_UIStatusBarStyle[sdk=iphonesimulator*]" = UIStatusBarStyleDefault;
				INFOPLIST_KEY_UISupportedInterfaceOrientations_iPad = "UIInterfaceOrientationPortrait UIInterfaceOrientationPortraitUpsideDown UIInterfaceOrientationLandscapeLeft UIInterfaceOrientationLandscapeRight";
				INFOPLIST_KEY_UISupportedInterfaceOrientations_iPhone = "UIInterfaceOrientationPortrait UIInterfaceOrientationLandscapeLeft UIInterfaceOrientationLandscapeRight";
				IPHONEOS_DEPLOYMENT_TARGET = 17.2;
				LD_RUNPATH_SEARCH_PATHS = "@executable_path/Frameworks";
				"LD_RUNPATH_SEARCH_PATHS[sdk=macosx*]" = "@executable_path/../Frameworks";
				MACOSX_DEPLOYMENT_TARGET = 14.0;
				MARKETING_VERSION = 1.0;
				PRODUCT_BUNDLE_IDENTIFIER = com.donaldfilimon.Donald;
				PRODUCT_NAME = "$(TARGET_NAME)";
				SDKROOT = auto;
				SUPPORTED_PLATFORMS = "iphoneos iphonesimulator macosx";
				SWIFT_EMIT_LOC_STRINGS = YES;
				SWIFT_VERSION = 5.0;
				TARGETED_DEVICE_FAMILY = "1,2";
			};
			name = Debug;
		};
		402F7FD72B18F95F00D9ED51 /* Release */ = {
			isa = XCBuildConfiguration;
			buildSettings = {
				ASSETCATALOG_COMPILER_APPICON_NAME = AppIcon;
				ASSETCATALOG_COMPILER_GLOBAL_ACCENT_COLOR_NAME = AccentColor;
				CODE_SIGN_ENTITLEMENTS = Donald/Donald.entitlements;
				CODE_SIGN_STYLE = Automatic;
				CURRENT_PROJECT_VERSION = 1;
				DEVELOPMENT_ASSET_PATHS = "\"Donald/Preview Content\"";
				DEVELOPMENT_TEAM = PDG3MKYPMS;
				ENABLE_HARDENED_RUNTIME = YES;
				ENABLE_PREVIEWS = YES;
				GENERATE_INFOPLIST_FILE = YES;
				INFOPLIST_FILE = Donald/Info.plist;
				"INFOPLIST_KEY_UIApplicationSceneManifest_Generation[sdk=iphoneos*]" = YES;
				"INFOPLIST_KEY_UIApplicationSceneManifest_Generation[sdk=iphonesimulator*]" = YES;
				"INFOPLIST_KEY_UIApplicationSupportsIndirectInputEvents[sdk=iphoneos*]" = YES;
				"INFOPLIST_KEY_UIApplicationSupportsIndirectInputEvents[sdk=iphonesimulator*]" = YES;
				"INFOPLIST_KEY_UILaunchScreen_Generation[sdk=iphoneos*]" = YES;
				"INFOPLIST_KEY_UILaunchScreen_Generation[sdk=iphonesimulator*]" = YES;
				"INFOPLIST_KEY_UIStatusBarStyle[sdk=iphoneos*]" = UIStatusBarStyleDefault;
				"INFOPLIST_KEY_UIStatusBarStyle[sdk=iphonesimulator*]" = UIStatusBarStyleDefault;
				INFOPLIST_KEY_UISupportedInterfaceOrientations_iPad = "UIInterfaceOrientationPortrait UIInterfaceOrientationPortraitUpsideDown UIInterfaceOrientationLandscapeLeft UIInterfaceOrientationLandscapeRight";
				INFOPLIST_KEY_UISupportedInterfaceOrientations_iPhone = "UIInterfaceOrientationPortrait UIInterfaceOrientationLandscapeLeft UIInterfaceOrientationLandscapeRight";
				IPHONEOS_DEPLOYMENT_TARGET = 17.2;
				LD_RUNPATH_SEARCH_PATHS = "@executable_path/Frameworks";
				"LD_RUNPATH_SEARCH_PATHS[sdk=macosx*]" = "@executable_path/../Frameworks";
				MACOSX_DEPLOYMENT_TARGET = 14.0;
				MARKETING_VERSION = 1.0;
				PRODUCT_BUNDLE_IDENTIFIER = com.donaldfilimon.Donald;
				PRODUCT_NAME = "$(TARGET_NAME)";
				SDKROOT = auto;
				SUPPORTED_PLATFORMS = "iphoneos iphonesimulator macosx";
				SWIFT_EMIT_LOC_STRINGS = YES;
				SWIFT_VERSION = 5.0;
				TARGETED_DEVICE_FAMILY = "1,2";
			};
			name = Release;
		};
		402F7FD92B18F95F00D9ED51 /* Debug */ = {
			isa = XCBuildConfiguration;
			buildSettings = {
				ALWAYS_EMBED_SWIFT_STANDARD_LIBRARIES = YES;
				BUNDLE_LOADER = "$(TEST_HOST)";
				CODE_SIGN_STYLE = Automatic;
				CURRENT_PROJECT_VERSION = 1;
				DEVELOPMENT_TEAM = PDG3MKYPMS;
				GENERATE_INFOPLIST_FILE = YES;
				IPHONEOS_DEPLOYMENT_TARGET = 17.2;
				MACOSX_DEPLOYMENT_TARGET = 14.2;
				MARKETING_VERSION = 1.0;
				PRODUCT_BUNDLE_IDENTIFIER = com.donaldfilimon.DonaldTests;
				PRODUCT_NAME = "$(TARGET_NAME)";
				SDKROOT = auto;
				SUPPORTED_PLATFORMS = "iphoneos iphonesimulator macosx";
				SWIFT_EMIT_LOC_STRINGS = NO;
				SWIFT_VERSION = 5.0;
				TARGETED_DEVICE_FAMILY = "1,2";
				TEST_HOST = "$(BUILT_PRODUCTS_DIR)/Donald.app/$(BUNDLE_EXECUTABLE_FOLDER_PATH)/Donald";
			};
			name = Debug;
		};
		402F7FDA2B18F95F00D9ED51 /* Release */ = {
			isa = XCBuildConfiguration;
			buildSettings = {
				ALWAYS_EMBED_SWIFT_STANDARD_LIBRARIES = YES;
				BUNDLE_LOADER = "$(TEST_HOST)";
				CODE_SIGN_STYLE = Automatic;
				CURRENT_PROJECT_VERSION = 1;
				DEVELOPMENT_TEAM = PDG3MKYPMS;
				GENERATE_INFOPLIST_FILE = YES;
				IPHONEOS_DEPLOYMENT_TARGET = 17.2;
				MACOSX_DEPLOYMENT_TARGET = 14.2;
				MARKETING_VERSION = 1.0;
				PRODUCT_BUNDLE_IDENTIFIER = com.donaldfilimon.DonaldTests;
				PRODUCT_NAME = "$(TARGET_NAME)";
				SDKROOT = auto;
				SUPPORTED_PLATFORMS = "iphoneos iphonesimulator macosx";
				SWIFT_EMIT_LOC_STRINGS = NO;
				SWIFT_VERSION = 5.0;
				TARGETED_DEVICE_FAMILY = "1,2";
				TEST_HOST = "$(BUILT_PRODUCTS_DIR)/Donald.app/$(BUNDLE_EXECUTABLE_FOLDER_PATH)/Donald";
			};
			name = Release;
		};
		402F7FDC2B18F95F00D9ED51 /* Debug */ = {
			isa = XCBuildConfiguration;
			buildSettings = {
				ALWAYS_EMBED_SWIFT_STANDARD_LIBRARIES = YES;
				CODE_SIGN_STYLE = Automatic;
				CURRENT_PROJECT_VERSION = 1;
				DEVELOPMENT_TEAM = PDG3MKYPMS;
				GENERATE_INFOPLIST_FILE = YES;
				IPHONEOS_DEPLOYMENT_TARGET = 17.2;
				MACOSX_DEPLOYMENT_TARGET = 14.2;
				MARKETING_VERSION = 1.0;
				PRODUCT_BUNDLE_IDENTIFIER = com.donaldfilimon.DonaldUITests;
				PRODUCT_NAME = "$(TARGET_NAME)";
				SDKROOT = auto;
				SUPPORTED_PLATFORMS = "iphoneos iphonesimulator macosx";
				SWIFT_EMIT_LOC_STRINGS = NO;
				SWIFT_VERSION = 5.0;
				TARGETED_DEVICE_FAMILY = "1,2";
				TEST_TARGET_NAME = Donald;
			};
			name = Debug;
		};
		402F7FDD2B18F95F00D9ED51 /* Release */ = {
			isa = XCBuildConfiguration;
			buildSettings = {
				ALWAYS_EMBED_SWIFT_STANDARD_LIBRARIES = YES;
				CODE_SIGN_STYLE = Automatic;
				CURRENT_PROJECT_VERSION = 1;
				DEVELOPMENT_TEAM = PDG3MKYPMS;
				GENERATE_INFOPLIST_FILE = YES;
				IPHONEOS_DEPLOYMENT_TARGET = 17.2;
				MACOSX_DEPLOYMENT_TARGET = 14.2;
				MARKETING_VERSION = 1.0;
				PRODUCT_BUNDLE_IDENTIFIER = com.donaldfilimon.DonaldUITests;
				PRODUCT_NAME = "$(TARGET_NAME)";
				SDKROOT = auto;
				SUPPORTED_PLATFORMS = "iphoneos iphonesimulator macosx";
				SWIFT_EMIT_LOC_STRINGS = NO;
				SWIFT_VERSION = 5.0;
				TARGETED_DEVICE_FAMILY = "1,2";
				TEST_TARGET_NAME = Donald;
			};
			name = Release;
		};
/* End XCBuildConfiguration section */

/* Begin XCConfigurationList section */
		402F7FA82B18F95E00D9ED51 /* Build configuration list for PBXProject "Donald" */ = {
			isa = XCConfigurationList;
			buildConfigurations = (
				402F7FD32B18F95F00D9ED51 /* Debug */,
				402F7FD42B18F95F00D9ED51 /* Release */,
			);
			defaultConfigurationIsVisible = 0;
			defaultConfigurationName = Release;
		};
		402F7FD52B18F95F00D9ED51 /* Build configuration list for PBXNativeTarget "Donald" */ = {
			isa = XCConfigurationList;
			buildConfigurations = (
				402F7FD62B18F95F00D9ED51 /* Debug */,
				402F7FD72B18F95F00D9ED51 /* Release */,
			);
			defaultConfigurationIsVisible = 0;
			defaultConfigurationName = Release;
		};
		402F7FD82B18F95F00D9ED51 /* Build configuration list for PBXNativeTarget "DonaldTests" */ = {
			isa = XCConfigurationList;
			buildConfigurations = (
				402F7FD92B18F95F00D9ED51 /* Debug */,
				402F7FDA2B18F95F00D9ED51 /* Release */,
			);
			defaultConfigurationIsVisible = 0;
			defaultConfigurationName = Release;
		};
		402F7FDB2B18F95F00D9ED51 /* Build configuration list for PBXNativeTarget "DonaldUITests" */ = {
			isa = XCConfigurationList;
			buildConfigurations = (
				402F7FDC2B18F95F00D9ED51 /* Debug */,
				402F7FDD2B18F95F00D9ED51 /* Release */,
			);
			defaultConfigurationIsVisible = 0;
			defaultConfigurationName = Release;
		};
/* End XCConfigurationList section */
	};
	rootObject = 402F7FA52B18F95E00D9ED51 /* Project object */;
}
